
Microsoft Visual Studio Solution File, Format Version 12.00
# Visual Studio Version 17
VisualStudioVersion = 17.4.33205.214
MinimumVisualStudioVersion = 10.0.40219.1
Project("{FAE04EC0-301F-11D3-BF4B-00C04F79EFBC}") = "UserRegistrationProblem", "UserRegistrationProblem.csproj", "{0CD91535-4EC2-414A-980A-D2844ACA9438}"
EndProject
Global
	GlobalSection(SolutionConfigurationPlatforms) = preSolution
		Debug|Any CPU = Debug|Any CPU
		Release|Any CPU = Release|Any CPU
	EndGlobalSection
	GlobalSection(ProjectConfigurationPlatforms) = postSolution
		{0CD91535-4EC2-414A-980A-D2844ACA9438}.Debug|Any CPU.ActiveCfg = Debug|Any CPU
		{0CD91535-4EC2-414A-980A-D2844ACA9438}.Debug|Any CPU.Build.0 = Debug|Any CPU
		{0CD91535-4EC2-414A-980A-D2844ACA9438}.Release|Any CPU.ActiveCfg = Release|Any CPU
		{0CD91535-4EC2-414A-980A-D2844ACA9438}.Release|Any CPU.Build.0 = Release|Any CPU
	EndGlobalSection
	GlobalSection(SolutionProperties) = preSolution
		HideSolutionNode = FALSE
	EndGlobalSection
	GlobalSection(ExtensibilityGlobals) = postSolution
		SolutionGuid = {A89315BF-3B75-466C-AF36-8A0013F2864C}
	EndGlobalSection
EndGlobal
